
Microsoft Visual Studio Solution File, Format Version 12.00
# Visual Studio 15
Project("{2150E333-8FDC-42A3-9474-1A3956D46DE8}") = "UI", "UI", "{7BC0001A-E35F-44DC-91A3-7F46D66A3C70}"
EndProject
Project("{2150E333-8FDC-42A3-9474-1A3956D46DE8}") = "Infrastructure", "Infrastructure", "{33AA826C-0D31-4E53-940A-0E6EAD946B1D}"
EndProject
Project("{2150E333-8FDC-42A3-9474-1A3956D46DE8}") = "Core", "Core", "{AC662EB0-FC3F-4CBD-B277-216171490A1F}"
EndProject
Project("{FAE04EC0-301F-11D3-BF4B-00C04F79EFBC}") = "PetShop.Core.Entity", "PetShop.Core.Entity\PetShop.Core.Entity.csproj", "{10F3F7E1-9F0C-41C4-9B0B-662E9AFF8B2F}"
EndProject
Project("{FAE04EC0-301F-11D3-BF4B-00C04F79EFBC}") = "PetShop.Core", "PetShop.Core\PetShop.Core.csproj", "{649B5256-C942-422F-A19D-85B1535A6ACB}"
EndProject
Project("{FAE04EC0-301F-11D3-BF4B-00C04F79EFBC}") = "PetShop.Infrastructure.Data", "PetShop.Infrastructure.Data\PetShop.Infrastructure.Data.csproj", "{2E0210C5-9DAD-4FDF-AC42-A399FB88903B}"
EndProject
Project("{FAE04EC0-301F-11D3-BF4B-00C04F79EFBC}") = "PetShop.RestApi", "PetShop.RestApi\PetShop.RestApi.csproj", "{ACCC584D-9FF4-4029-8BB7-13A2EE4E1F83}"
EndProject
Project("{E53339B2-1760-4266-BCC7-CA923CBCF16C}") = "docker-compose", "docker-compose.dcproj", "{612EBD77-EA64-40B8-BAB2-AD8B3CA538C2}"
EndProject
Global
	GlobalSection(SolutionConfigurationPlatforms) = preSolution
		Debug|Any CPU = Debug|Any CPU
		Release|Any CPU = Release|Any CPU
	EndGlobalSection
	GlobalSection(NestedProjects) = preSolution
		{10F3F7E1-9F0C-41C4-9B0B-662E9AFF8B2F} = {AC662EB0-FC3F-4CBD-B277-216171490A1F}
		{649B5256-C942-422F-A19D-85B1535A6ACB} = {AC662EB0-FC3F-4CBD-B277-216171490A1F}
		{2E0210C5-9DAD-4FDF-AC42-A399FB88903B} = {33AA826C-0D31-4E53-940A-0E6EAD946B1D}
		{ACCC584D-9FF4-4029-8BB7-13A2EE4E1F83} = {7BC0001A-E35F-44DC-91A3-7F46D66A3C70}
	EndGlobalSection
	GlobalSection(ProjectConfigurationPlatforms) = postSolution
		{10F3F7E1-9F0C-41C4-9B0B-662E9AFF8B2F}.Debug|Any CPU.ActiveCfg = Debug|Any CPU
		{10F3F7E1-9F0C-41C4-9B0B-662E9AFF8B2F}.Debug|Any CPU.Build.0 = Debug|Any CPU
		{10F3F7E1-9F0C-41C4-9B0B-662E9AFF8B2F}.Release|Any CPU.ActiveCfg = Release|Any CPU
		{10F3F7E1-9F0C-41C4-9B0B-662E9AFF8B2F}.Release|Any CPU.Build.0 = Release|Any CPU
		{649B5256-C942-422F-A19D-85B1535A6ACB}.Debug|Any CPU.ActiveCfg = Debug|Any CPU
		{649B5256-C942-422F-A19D-85B1535A6ACB}.Debug|Any CPU.Build.0 = Debug|Any CPU
		{649B5256-C942-422F-A19D-85B1535A6ACB}.Release|Any CPU.ActiveCfg = Release|Any CPU
		{649B5256-C942-422F-A19D-85B1535A6ACB}.Release|Any CPU.Build.0 = Release|Any CPU
		{2E0210C5-9DAD-4FDF-AC42-A399FB88903B}.Debug|Any CPU.ActiveCfg = Debug|Any CPU
		{2E0210C5-9DAD-4FDF-AC42-A399FB88903B}.Debug|Any CPU.Build.0 = Debug|Any CPU
		{2E0210C5-9DAD-4FDF-AC42-A399FB88903B}.Release|Any CPU.ActiveCfg = Release|Any CPU
		{2E0210C5-9DAD-4FDF-AC42-A399FB88903B}.Release|Any CPU.Build.0 = Release|Any CPU
		{ACCC584D-9FF4-4029-8BB7-13A2EE4E1F83}.Debug|Any CPU.ActiveCfg = Debug|Any CPU
		{ACCC584D-9FF4-4029-8BB7-13A2EE4E1F83}.Debug|Any CPU.Build.0 = Debug|Any CPU
		{ACCC584D-9FF4-4029-8BB7-13A2EE4E1F83}.Release|Any CPU.ActiveCfg = Release|Any CPU
		{ACCC584D-9FF4-4029-8BB7-13A2EE4E1F83}.Release|Any CPU.Build.0 = Release|Any CPU
		{612EBD77-EA64-40B8-BAB2-AD8B3CA538C2}.Debug|Any CPU.ActiveCfg = Debug|Any CPU
		{612EBD77-EA64-40B8-BAB2-AD8B3CA538C2}.Debug|Any CPU.Build.0 = Debug|Any CPU
		{612EBD77-EA64-40B8-BAB2-AD8B3CA538C2}.Release|Any CPU.ActiveCfg = Release|Any CPU
		{612EBD77-EA64-40B8-BAB2-AD8B3CA538C2}.Release|Any CPU.Build.0 = Release|Any CPU
	EndGlobalSection
EndGlobal
